
Microsoft Visual Studio Solution File, Format Version 11.00
# Visual Studio 2010
Project("{FAE04EC0-301F-11D3-BF4B-00C04F79EFBC}") = "ImportChecker", "ImportChecker.csproj", "{05F62975-36B0-40B5-92A7-E094CE717059}"
EndProject
Project("{FAE04EC0-301F-11D3-BF4B-00C04F79EFBC}") = "Mono.Cecil", "cecil\Mono.Cecil.csproj", "{D68133BD-1E63-496E-9EDE-4FBDBF77B486}"
EndProject
Global
	GlobalSection(SolutionConfigurationPlatforms) = preSolution
		Debug|Any CPU = Debug|Any CPU
		Debug|Mixed Platforms = Debug|Mixed Platforms
		Debug|x86 = Debug|x86
		Release|Any CPU = Release|Any CPU
		Release|Mixed Platforms = Release|Mixed Platforms
		Release|x86 = Release|x86
	EndGlobalSection
	GlobalSection(ProjectConfigurationPlatforms) = postSolution
		{05F62975-36B0-40B5-92A7-E094CE717059}.Debug|Any CPU.ActiveCfg = Debug|x86
		{05F62975-36B0-40B5-92A7-E094CE717059}.Debug|Mixed Platforms.ActiveCfg = Debug|x86
		{05F62975-36B0-40B5-92A7-E094CE717059}.Debug|Mixed Platforms.Build.0 = Debug|x86
		{05F62975-36B0-40B5-92A7-E094CE717059}.Debug|x86.ActiveCfg = Debug|x86
		{05F62975-36B0-40B5-92A7-E094CE717059}.Debug|x86.Build.0 = Debug|x86
		{05F62975-36B0-40B5-92A7-E094CE717059}.Release|Any CPU.ActiveCfg = Release|x86
		{05F62975-36B0-40B5-92A7-E094CE717059}.Release|Mixed Platforms.ActiveCfg = Release|x86
		{05F62975-36B0-40B5-92A7-E094CE717059}.Release|Mixed Platforms.Build.0 = Release|x86
		{05F62975-36B0-40B5-92A7-E094CE717059}.Release|x86.ActiveCfg = Release|x86
		{05F62975-36B0-40B5-92A7-E094CE717059}.Release|x86.Build.0 = Release|x86
		{D68133BD-1E63-496E-9EDE-4FBDBF77B486}.Debug|Any CPU.ActiveCfg = Debug|Any CPU
		{D68133BD-1E63-496E-9EDE-4FBDBF77B486}.Debug|Any CPU.Build.0 = Debug|Any CPU
		{D68133BD-1E63-496E-9EDE-4FBDBF77B486}.Debug|Mixed Platforms.ActiveCfg = Debug|Any CPU
		{D68133BD-1E63-496E-9EDE-4FBDBF77B486}.Debug|Mixed Platforms.Build.0 = Debug|Any CPU
		{D68133BD-1E63-496E-9EDE-4FBDBF77B486}.Debug|x86.ActiveCfg = Debug|Any CPU
		{D68133BD-1E63-496E-9EDE-4FBDBF77B486}.Release|Any CPU.ActiveCfg = Release|Any CPU
		{D68133BD-1E63-496E-9EDE-4FBDBF77B486}.Release|Any CPU.Build.0 = Release|Any CPU
		{D68133BD-1E63-496E-9EDE-4FBDBF77B486}.Release|Mixed Platforms.ActiveCfg = Release|Any CPU
		{D68133BD-1E63-496E-9EDE-4FBDBF77B486}.Release|Mixed Platforms.Build.0 = Release|Any CPU
		{D68133BD-1E63-496E-9EDE-4FBDBF77B486}.Release|x86.ActiveCfg = Release|Any CPU
	EndGlobalSection
	GlobalSection(SolutionProperties) = preSolution
		HideSolutionNode = FALSE
	EndGlobalSection
EndGlobal
